
Microsoft Visual Studio Solution File, Format Version 12.00
# Visual Studio Version 17
VisualStudioVersion = 17.4.33110.190
MinimumVisualStudioVersion = 10.0.40219.1
Project("{9A19103F-16F7-4668-BE54-9A1E7A4F7556}") = "MCVPlugin", "MCVPlugin\MCVPlugin.csproj", "{43B98C62-D3B7-4B2F-88CB-31EB70BF303E}"
EndProject
Global
	GlobalSection(SolutionConfigurationPlatforms) = preSolution
		Debug|Any CPU = Debug|Any CPU
		Release|Any CPU = Release|Any CPU
	EndGlobalSection
	GlobalSection(ProjectConfigurationPlatforms) = postSolution
		{43B98C62-D3B7-4B2F-88CB-31EB70BF303E}.Debug|Any CPU.ActiveCfg = Debug|Any CPU
		{43B98C62-D3B7-4B2F-88CB-31EB70BF303E}.Debug|Any CPU.Build.0 = Debug|Any CPU
		{43B98C62-D3B7-4B2F-88CB-31EB70BF303E}.Release|Any CPU.ActiveCfg = Release|Any CPU
		{43B98C62-D3B7-4B2F-88CB-31EB70BF303E}.Release|Any CPU.Build.0 = Release|Any CPU
	EndGlobalSection
	GlobalSection(SolutionProperties) = preSolution
		HideSolutionNode = FALSE
	EndGlobalSection
	GlobalSection(ExtensibilityGlobals) = postSolution
		SolutionGuid = {87695DF7-142E-45B8-91F1-2240BBA037D6}
	EndGlobalSection
EndGlobal
